
Microsoft Visual Studio Solution File, Format Version 12.00
# Visual Studio Version 16
VisualStudioVersion = 16.0.32228.343
MinimumVisualStudioVersion = 10.0.40219.1
Project("{F184B08F-C81C-45F6-A57F-5ABD9991F28F}") = "ThisIsADoomLauncher", "ThisIsADoomLauncher\ThisIsADoomLauncher.vbproj", "{388C5188-426A-47EA-B067-B59B765DB784}"
EndProject
Project("{2150E333-8FDC-42A3-9474-1A3956D46DE8}") = "Solution Items", "Solution Items", "{4E9F677F-1AAC-4EBE-B395-08E7990130A8}"
	ProjectSection(SolutionItems) = preProject
		.editorconfig = .editorconfig
	EndProjectSection
EndProject
Global
	GlobalSection(SolutionConfigurationPlatforms) = preSolution
		Debug|Any CPU = Debug|Any CPU
		Release|Any CPU = Release|Any CPU
	EndGlobalSection
	GlobalSection(ProjectConfigurationPlatforms) = postSolution
		{388C5188-426A-47EA-B067-B59B765DB784}.Debug|Any CPU.ActiveCfg = Debug|Any CPU
		{388C5188-426A-47EA-B067-B59B765DB784}.Debug|Any CPU.Build.0 = Debug|Any CPU
		{388C5188-426A-47EA-B067-B59B765DB784}.Release|Any CPU.ActiveCfg = Release|Any CPU
		{388C5188-426A-47EA-B067-B59B765DB784}.Release|Any CPU.Build.0 = Release|Any CPU
	EndGlobalSection
	GlobalSection(SolutionProperties) = preSolution
		HideSolutionNode = FALSE
	EndGlobalSection
	GlobalSection(ExtensibilityGlobals) = postSolution
		SolutionGuid = {6F76F774-933F-4B43-B25A-5B252E967A4E}
	EndGlobalSection
EndGlobal
